
Microsoft Visual Studio Solution File, Format Version 12.00
# Visual Studio Version 16
VisualStudioVersion = 16.0.30621.155
MinimumVisualStudioVersion = 10.0.40219.1
Project("{FAE04EC0-301F-11D3-BF4B-00C04F79EFBC}") = "KomodoTests", "KomodoTests\KomodoTests.csproj", "{C30AA8A0-E4D7-49F8-8DB1-8985B25AF2BD}"
EndProject
Project("{FAE04EC0-301F-11D3-BF4B-00C04F79EFBC}") = "KomodoApp", "KomodoApp\KomodoApp.csproj", "{0045FB58-3D0B-410B-8C6E-26838B59457C}"
EndProject
Project("{FAE04EC0-301F-11D3-BF4B-00C04F79EFBC}") = "KomodoClass", "KomodoClass\KomodoClass.csproj", "{3326813A-E37C-4E52-A6DE-F85052A84047}"
EndProject
Global
	GlobalSection(SolutionConfigurationPlatforms) = preSolution
		Debug|Any CPU = Debug|Any CPU
		Release|Any CPU = Release|Any CPU
	EndGlobalSection
	GlobalSection(ProjectConfigurationPlatforms) = postSolution
		{C30AA8A0-E4D7-49F8-8DB1-8985B25AF2BD}.Debug|Any CPU.ActiveCfg = Debug|Any CPU
		{C30AA8A0-E4D7-49F8-8DB1-8985B25AF2BD}.Debug|Any CPU.Build.0 = Debug|Any CPU
		{C30AA8A0-E4D7-49F8-8DB1-8985B25AF2BD}.Release|Any CPU.ActiveCfg = Release|Any CPU
		{C30AA8A0-E4D7-49F8-8DB1-8985B25AF2BD}.Release|Any CPU.Build.0 = Release|Any CPU
		{0045FB58-3D0B-410B-8C6E-26838B59457C}.Debug|Any CPU.ActiveCfg = Debug|Any CPU
		{0045FB58-3D0B-410B-8C6E-26838B59457C}.Debug|Any CPU.Build.0 = Debug|Any CPU
		{0045FB58-3D0B-410B-8C6E-26838B59457C}.Release|Any CPU.ActiveCfg = Release|Any CPU
		{0045FB58-3D0B-410B-8C6E-26838B59457C}.Release|Any CPU.Build.0 = Release|Any CPU
		{3326813A-E37C-4E52-A6DE-F85052A84047}.Debug|Any CPU.ActiveCfg = Debug|Any CPU
		{3326813A-E37C-4E52-A6DE-F85052A84047}.Debug|Any CPU.Build.0 = Debug|Any CPU
		{3326813A-E37C-4E52-A6DE-F85052A84047}.Release|Any CPU.ActiveCfg = Release|Any CPU
		{3326813A-E37C-4E52-A6DE-F85052A84047}.Release|Any CPU.Build.0 = Release|Any CPU
	EndGlobalSection
	GlobalSection(SolutionProperties) = preSolution
		HideSolutionNode = FALSE
	EndGlobalSection
	GlobalSection(ExtensibilityGlobals) = postSolution
		SolutionGuid = {80AA20B1-5913-4A12-97E1-DF18DE48D38C}
	EndGlobalSection
EndGlobal
